
Microsoft Visual Studio Solution File, Format Version 12.00
# Visual Studio Version 16
VisualStudioVersion = 16.0.30114.105
MinimumVisualStudioVersion = 10.0.40219.1
Project("{FAE04EC0-301F-11D3-BF4B-00C04F79EFBC}") = "AppClient", "AppClient\AppClient.csproj", "{2AE64D15-57E5-4492-A2B3-057B1F957711}"
EndProject
Project("{FAE04EC0-301F-11D3-BF4B-00C04F79EFBC}") = "AppClientForms", "AppClientForms\AppClientForms.csproj", "{133D3B5A-A60E-41D5-B732-7C5D52ABED06}"
EndProject
Project("{FAE04EC0-301F-11D3-BF4B-00C04F79EFBC}") = "ORM", "ORM\ORM.csproj", "{0B664DB5-B904-4666-BC36-D41593ED16FA}"
EndProject
Global
	GlobalSection(SolutionConfigurationPlatforms) = preSolution
		Debug|Any CPU = Debug|Any CPU
		Release|Any CPU = Release|Any CPU
	EndGlobalSection
	GlobalSection(ProjectConfigurationPlatforms) = postSolution
		{2AE64D15-57E5-4492-A2B3-057B1F957711}.Debug|Any CPU.ActiveCfg = Debug|Any CPU
		{2AE64D15-57E5-4492-A2B3-057B1F957711}.Debug|Any CPU.Build.0 = Debug|Any CPU
		{2AE64D15-57E5-4492-A2B3-057B1F957711}.Release|Any CPU.ActiveCfg = Release|Any CPU
		{2AE64D15-57E5-4492-A2B3-057B1F957711}.Release|Any CPU.Build.0 = Release|Any CPU
		{133D3B5A-A60E-41D5-B732-7C5D52ABED06}.Debug|Any CPU.ActiveCfg = Debug|Any CPU
		{133D3B5A-A60E-41D5-B732-7C5D52ABED06}.Debug|Any CPU.Build.0 = Debug|Any CPU
		{133D3B5A-A60E-41D5-B732-7C5D52ABED06}.Release|Any CPU.ActiveCfg = Release|Any CPU
		{133D3B5A-A60E-41D5-B732-7C5D52ABED06}.Release|Any CPU.Build.0 = Release|Any CPU
		{0B664DB5-B904-4666-BC36-D41593ED16FA}.Debug|Any CPU.ActiveCfg = Debug|Any CPU
		{0B664DB5-B904-4666-BC36-D41593ED16FA}.Debug|Any CPU.Build.0 = Debug|Any CPU
		{0B664DB5-B904-4666-BC36-D41593ED16FA}.Release|Any CPU.ActiveCfg = Release|Any CPU
		{0B664DB5-B904-4666-BC36-D41593ED16FA}.Release|Any CPU.Build.0 = Release|Any CPU
	EndGlobalSection
	GlobalSection(SolutionProperties) = preSolution
		HideSolutionNode = FALSE
	EndGlobalSection
	GlobalSection(ExtensibilityGlobals) = postSolution
		SolutionGuid = {79449BD8-DF37-49BE-8ED6-F6A25BC45623}
	EndGlobalSection
EndGlobal
