
Microsoft Visual Studio Solution File, Format Version 12.00
# Visual Studio Version 16
VisualStudioVersion = 16.0.30114.105
MinimumVisualStudioVersion = 10.0.40219.1
Project("{FAE04EC0-301F-11D3-BF4B-00C04F79EFBC}") = "SeaFightApp", "SeaFightApp\SeaFightApp.csproj", "{C2C1452D-09A2-42E0-B443-681E8F3C3C45}"
EndProject
Project("{FAE04EC0-301F-11D3-BF4B-00C04F79EFBC}") = "SeaFightDll", "SeaFightDll\SeaFightDll.csproj", "{691BF496-31D8-43E6-B594-25434C70DEB1}"
EndProject
Global
	GlobalSection(SolutionConfigurationPlatforms) = preSolution
		Debug|Any CPU = Debug|Any CPU
		Release|Any CPU = Release|Any CPU
	EndGlobalSection
	GlobalSection(ProjectConfigurationPlatforms) = postSolution
		{C2C1452D-09A2-42E0-B443-681E8F3C3C45}.Debug|Any CPU.ActiveCfg = Debug|Any CPU
		{C2C1452D-09A2-42E0-B443-681E8F3C3C45}.Debug|Any CPU.Build.0 = Debug|Any CPU
		{C2C1452D-09A2-42E0-B443-681E8F3C3C45}.Release|Any CPU.ActiveCfg = Release|Any CPU
		{C2C1452D-09A2-42E0-B443-681E8F3C3C45}.Release|Any CPU.Build.0 = Release|Any CPU
		{691BF496-31D8-43E6-B594-25434C70DEB1}.Debug|Any CPU.ActiveCfg = Debug|Any CPU
		{691BF496-31D8-43E6-B594-25434C70DEB1}.Debug|Any CPU.Build.0 = Debug|Any CPU
		{691BF496-31D8-43E6-B594-25434C70DEB1}.Release|Any CPU.ActiveCfg = Release|Any CPU
		{691BF496-31D8-43E6-B594-25434C70DEB1}.Release|Any CPU.Build.0 = Release|Any CPU
	EndGlobalSection
	GlobalSection(SolutionProperties) = preSolution
		HideSolutionNode = FALSE
	EndGlobalSection
	GlobalSection(ExtensibilityGlobals) = postSolution
		SolutionGuid = {0716DE36-9761-482D-AC9C-7135BA062B88}
	EndGlobalSection
EndGlobal
